
Microsoft Visual Studio Solution File, Format Version 12.00
# Visual Studio Version 16
VisualStudioVersion = 16.0.31829.152
MinimumVisualStudioVersion = 10.0.40219.1
Project("{9A19103F-16F7-4668-BE54-9A1E7A4F7556}") = "TestLib", "TestLib\TestLib.csproj", "{9AC57813-C80A-4C18-A11B-21F6DDA8DA87}"
EndProject
Global
	GlobalSection(SolutionConfigurationPlatforms) = preSolution
		Debug|Any CPU = Debug|Any CPU
		Release|Any CPU = Release|Any CPU
	EndGlobalSection
	GlobalSection(ProjectConfigurationPlatforms) = postSolution
		{9AC57813-C80A-4C18-A11B-21F6DDA8DA87}.Debug|Any CPU.ActiveCfg = Debug|Any CPU
		{9AC57813-C80A-4C18-A11B-21F6DDA8DA87}.Debug|Any CPU.Build.0 = Debug|Any CPU
		{9AC57813-C80A-4C18-A11B-21F6DDA8DA87}.Release|Any CPU.ActiveCfg = Release|Any CPU
		{9AC57813-C80A-4C18-A11B-21F6DDA8DA87}.Release|Any CPU.Build.0 = Release|Any CPU
	EndGlobalSection
	GlobalSection(SolutionProperties) = preSolution
		HideSolutionNode = FALSE
	EndGlobalSection
	GlobalSection(ExtensibilityGlobals) = postSolution
		SolutionGuid = {285671D3-3340-4ED8-8308-5B48EA04216E}
	EndGlobalSection
EndGlobal
